{
  "requires": true,
  "lockfileVersion": 1,
  "dependencies": {
    "ag-grid": {
      "version": "17.1.1",
      "resolved": "https://registry.npmjs.org/ag-grid/-/ag-grid-17.1.1.tgz",
      "integrity": "sha1-bHAQpl1ui2Nz4v6XZDye7PVBcCY="
    },
    "datatables": {
      "version": "1.10.13",
      "resolved": "https://registry.npmjs.org/datatables/-/datatables-1.10.13.tgz",
      "integrity": "sha1-m7Lexvfc8CBJoA5PDn0/4AnDk0Y=",
      "requires": {
        "jquery": "3.3.1"
      }
    },
    "jquery": {
      "version": "3.3.1",
      "resolved": "https://registry.npmjs.org/jquery/-/jquery-3.3.1.tgz",
      "integrity": "sha512-Ubldcmxp5np52/ENotGxlLe6aGMvmF4R8S6tZjsP6Knsaxd/xp3Zrh50cG93lR6nPXyUFwzN3ZSOQI0wRJNdGg=="
    }
  }
}
